
Microsoft Visual Studio Solution File, Format Version 12.00
# Visual Studio 15
VisualStudioVersion = 15.0.28307.329
MinimumVisualStudioVersion = 10.0.40219.1
Project("{8BC9CEB8-8B4A-11D0-8D11-00A0C91BC942}") = "Igrica", "Igrica\Igrica.vcxproj", "{F502B435-76E9-4BCA-BA65-B53E9C0895BD}"
EndProject
Global
	GlobalSection(SolutionConfigurationPlatforms) = preSolution
		Debug|x64 = Debug|x64
		Debug|x86 = Debug|x86
		Release|x64 = Release|x64
		Release|x86 = Release|x86
	EndGlobalSection
	GlobalSection(ProjectConfigurationPlatforms) = postSolution
		{F502B435-76E9-4BCA-BA65-B53E9C0895BD}.Debug|x64.ActiveCfg = Debug|x64
		{F502B435-76E9-4BCA-BA65-B53E9C0895BD}.Debug|x64.Build.0 = Debug|x64
		{F502B435-76E9-4BCA-BA65-B53E9C0895BD}.Debug|x86.ActiveCfg = Debug|Win32
		{F502B435-76E9-4BCA-BA65-B53E9C0895BD}.Debug|x86.Build.0 = Debug|Win32
		{F502B435-76E9-4BCA-BA65-B53E9C0895BD}.Release|x64.ActiveCfg = Release|x64
		{F502B435-76E9-4BCA-BA65-B53E9C0895BD}.Release|x64.Build.0 = Release|x64
		{F502B435-76E9-4BCA-BA65-B53E9C0895BD}.Release|x86.ActiveCfg = Release|Win32
		{F502B435-76E9-4BCA-BA65-B53E9C0895BD}.Release|x86.Build.0 = Release|Win32
	EndGlobalSection
	GlobalSection(SolutionProperties) = preSolution
		HideSolutionNode = FALSE
	EndGlobalSection
	GlobalSection(ExtensibilityGlobals) = postSolution
		SolutionGuid = {846E66EB-2AB6-4B37-8272-57ADF09AAAC5}
	EndGlobalSection
EndGlobal
